
Microsoft Visual Studio Solution File, Format Version 12.00
# Visual Studio Version 16
VisualStudioVersion = 16.0.29424.173
MinimumVisualStudioVersion = 10.0.40219.1
Project("{FAE04EC0-301F-11D3-BF4B-00C04F79EFBC}") = "MacHighCpu", "MacHighCpu\MacHighCpu.csproj", "{88C9050B-22E8-4D2C-A7BB-F88BBA0D47B5}"
EndProject
Global
	GlobalSection(SolutionConfigurationPlatforms) = preSolution
		Debug|Any CPU = Debug|Any CPU
		Release|Any CPU = Release|Any CPU
	EndGlobalSection
	GlobalSection(ProjectConfigurationPlatforms) = postSolution
		{88C9050B-22E8-4D2C-A7BB-F88BBA0D47B5}.Debug|Any CPU.ActiveCfg = Debug|Any CPU
		{88C9050B-22E8-4D2C-A7BB-F88BBA0D47B5}.Debug|Any CPU.Build.0 = Debug|Any CPU
		{88C9050B-22E8-4D2C-A7BB-F88BBA0D47B5}.Release|Any CPU.ActiveCfg = Release|Any CPU
		{88C9050B-22E8-4D2C-A7BB-F88BBA0D47B5}.Release|Any CPU.Build.0 = Release|Any CPU
	EndGlobalSection
	GlobalSection(SolutionProperties) = preSolution
		HideSolutionNode = FALSE
	EndGlobalSection
	GlobalSection(ExtensibilityGlobals) = postSolution
		SolutionGuid = {0D137C90-CA48-48E0-884B-830070EBF553}
	EndGlobalSection
EndGlobal
